// !$*UTF8*$!
{
	archiveVersion = 1;
	classes = {
	};
	objectVersion = 48;
	objects = {

/* Begin PBXBuildFile section */
		56DFFF06217306A90027B54B /* AppDelegate.swift in Sources */ = {isa = PBXBuildFile; fileRef = 56DFFF05217306A90027B54B /* AppDelegate.swift */; };
		56DFFF08217306A90027B54B /* ViewController.swift in Sources */ = {isa = PBXBuildFile; fileRef = 56DFFF07217306A90027B54B /* ViewController.swift */; };
		56DFFF0B217306A90027B54B /* Main.storyboard in Resources */ = {isa = PBXBuildFile; fileRef = 56DFFF09217306A90027B54B /* Main.storyboard */; };
		56DFFF0D217306A90027B54B /* Assets.xcassets in Resources */ = {isa = PBXBuildFile; fileRef = 56DFFF0C217306A90027B54B /* Assets.xcassets */; };
		56DFFF10217306A90027B54B /* LaunchScreen.storyboard in Resources */ = {isa = PBXBuildFile; fileRef = 56DFFF0E217306A90027B54B /* LaunchScreen.storyboard */; };
		56DFFF1B217306A90027B54B /* helloWorldTests.swift in Sources */ = {isa = PBXBuildFile; fileRef = 56DFFF1A217306A90027B54B /* helloWorldTests.swift */; };
		56DFFF26217306A90027B54B /* helloWorldUITests.swift in Sources */ = {isa = PBXBuildFile; fileRef = 56DFFF25217306A90027B54B /* helloWorldUITests.swift */; };
/* End PBXBuildFile section */

/* Begin PBXContainerItemProxy section */
		56DFFF17217306A90027B54B /* PBXContainerItemProxy */ = {
			isa = PBXContainerItemProxy;
			containerPortal = 56DFFEFA217306A80027B54B /* Project object */;
			proxyType = 1;
			remoteGlobalIDString = 56DFFF01217306A80027B54B;
			remoteInfo = helloWorld;
		};
		56DFFF22217306A90027B54B /* PBXContainerItemProxy */ = {
			isa = PBXContainerItemProxy;
			containerPortal = 56DFFEFA217306A80027B54B /* Project object */;
			proxyType = 1;
			remoteGlobalIDString = 56DFFF01217306A80027B54B;
			remoteInfo = helloWorld;
		};
/* End PBXContainerItemProxy section */

/* Begin PBXFileReference section */
		56DFFF02217306A90027B54B /* helloWorld.app */ = {isa = PBXFileReference; explicitFileType = wrapper.application; includeInIndex = 0; path = helloWorld.app; sourceTree = BUILT_PRODUCTS_DIR; };
		56DFFF05217306A90027B54B /* AppDelegate.swift */ = {isa = PBXFileReference; lastKnownFileType = sourcecode.swift; path = AppDelegate.swift; sourceTree = "<group>"; };
		56DFFF07217306A90027B54B /* ViewController.swift */ = {isa = PBXFileReference; lastKnownFileType = sourcecode.swift; path = ViewController.swift; sourceTree = "<group>"; };
		56DFFF0A217306A90027B54B /* Base */ = {isa = PBXFileReference; lastKnownFileType = file.storyboard; name = Base; path = Base.lproj/Main.storyboard; sourceTree = "<group>"; };
		56DFFF0C217306A90027B54B /* Assets.xcassets */ = {isa = PBXFileReference; lastKnownFileType = folder.assetcatalog; path = Assets.xcassets; sourceTree = "<group>"; };
		56DFFF0F217306A90027B54B /* Base */ = {isa = PBXFileReference; lastKnownFileType = file.storyboard; name = Base; path = Base.lproj/LaunchScreen.storyboard; sourceTree = "<group>"; };
		56DFFF11217306A90027B54B /* Info.plist */ = {isa = PBXFileReference; lastKnownFileType = text.plist.xml; path = Info.plist; sourceTree = "<group>"; };
		56DFFF16217306A90027B54B /* helloWorldTests.xctest */ = {isa = PBXFileReference; explicitFileType = wrapper.cfbundle; includeInIndex = 0; path = helloWorldTests.xctest; sourceTree = BUILT_PRODUCTS_DIR; };
		56DFFF1A217306A90027B54B /* helloWorldTests.swift */ = {isa = PBXFileReference; lastKnownFileType = sourcecode.swift; path = helloWorldTests.swift; sourceTree = "<group>"; };
		56DFFF1C217306A90027B54B /* Info.plist */ = {isa = PBXFileReference; lastKnownFileType = text.plist.xml; path = Info.plist; sourceTree = "<group>"; };
		56DFFF21217306A90027B54B /* helloWorldUITests.xctest */ = {isa = PBXFileReference; explicitFileType = wrapper.cfbundle; includeInIndex = 0; path = helloWorldUITests.xctest; sourceTree = BUILT_PRODUCTS_DIR; };
		56DFFF25217306A90027B54B /* helloWorldUITests.swift */ = {isa = PBXFileReference; lastKnownFileType = sourcecode.swift; path = helloWorldUITests.swift; sourceTree = "<group>"; };
		56DFFF27217306A90027B54B /* Info.plist */ = {isa = PBXFileReference; lastKnownFileType = text.plist.xml; path = Info.plist; sourceTree = "<group>"; };
/* End PBXFileReference section */

/* Begin PBXFrameworksBuildPhase section */
		56DFFEFF217306A80027B54B /* Frameworks */ = {
			isa = PBXFrameworksBuildPhase;
			buildActionMask = 2147483647;
			files = (
			);
			runOnlyForDeploymentPostprocessing = 0;
		};
		56DFFF13217306A90027B54B /* Frameworks */ = {
			isa = PBXFrameworksBuildPhase;
			buildActionMask = 2147483647;
			files = (
			);
			runOnlyForDeploymentPostprocessing = 0;
		};
		56DFFF1E217306A90027B54B /* Frameworks */ = {
			isa = PBXFrameworksBuildPhase;
			buildActionMask = 2147483647;
			files = (
			);
			runOnlyForDeploymentPostprocessing = 0;
		};
/* End PBXFrameworksBuildPhase section */

/* Begin PBXGroup section */
		56DFFEF9217306A80027B54B = {
			isa = PBXGroup;
			children = (
				56DFFF04217306A90027B54B /* helloWorld */,
				56DFFF19217306A90027B54B /* helloWorldTests */,
				56DFFF24217306A90027B54B /* helloWorldUITests */,
				56DFFF03217306A90027B54B /* Products */,
			);
			sourceTree = "<group>";
		};
		56DFFF03217306A90027B54B /* Products */ = {
			isa = PBXGroup;
			children = (
				56DFFF02217306A90027B54B /* helloWorld.app */,
				56DFFF16217306A90027B54B /* helloWorldTests.xctest */,
				56DFFF21217306A90027B54B /* helloWorldUITests.xctest */,
			);
			name = Products;
			sourceTree = "<group>";
		};
		56DFFF04217306A90027B54B /* helloWorld */ = {
			isa = PBXGroup;
			children = (
				56DFFF05217306A90027B54B /* AppDelegate.swift */,
				56DFFF07217306A90027B54B /* ViewController.swift */,
				56DFFF09217306A90027B54B /* Main.storyboard */,
				56DFFF0C217306A90027B54B /* Assets.xcassets */,
				56DFFF0E217306A90027B54B /* LaunchScreen.storyboard */,
				56DFFF11217306A90027B54B /* Info.plist */,
			);
			path = helloWorld;
			sourceTree = "<group>";
		};
		56DFFF19217306A90027B54B /* helloWorldTests */ = {
			isa = PBXGroup;
			children = (
				56DFFF1A217306A90027B54B /* helloWorldTests.swift */,
				56DFFF1C217306A90027B54B /* Info.plist */,
			);
			path = helloWorldTests;
			sourceTree = "<group>";
		};
		56DFFF24217306A90027B54B /* helloWorldUITests */ = {
			isa = PBXGroup;
			children = (
				56DFFF25217306A90027B54B /* helloWorldUITests.swift */,
				56DFFF27217306A90027B54B /* Info.plist */,
			);
			path = helloWorldUITests;
			sourceTree = "<group>";
		};
/* End PBXGroup section */

/* Begin PBXNativeTarget section */
		56DFFF01217306A80027B54B /* helloWorld */ = {
			isa = PBXNativeTarget;
			buildConfigurationList = 56DFFF2A217306A90027B54B /* Build configuration list for PBXNativeTarget "helloWorld" */;
			buildPhases = (
				56DFFEFE217306A80027B54B /* Sources */,
				56DFFEFF217306A80027B54B /* Frameworks */,
				56DFFF00217306A80027B54B /* Resources */,
			);
			buildRules = (
			);
			dependencies = (
			);
			name = helloWorld;
			productName = helloWorld;
			productReference = 56DFFF02217306A90027B54B /* helloWorld.app */;
			productType = "com.apple.product-type.application";
		};
		56DFFF15217306A90027B54B /* helloWorldTests */ = {
			isa = PBXNativeTarget;
			buildConfigurationList = 56DFFF2D217306A90027B54B /* Build configuration list for PBXNativeTarget "helloWorldTests" */;
			buildPhases = (
				56DFFF12217306A90027B54B /* Sources */,
				56DFFF13217306A90027B54B /* Frameworks */,
				56DFFF14217306A90027B54B /* Resources */,
			);
			buildRules = (
			);
			dependencies = (
				56DFFF18217306A90027B54B /* PBXTargetDependency */,
			);
			name = helloWorldTests;
			productName = helloWorldTests;
			productReference = 56DFFF16217306A90027B54B /* helloWorldTests.xctest */;
			productType = "com.apple.product-type.bundle.unit-test";
		};
		56DFFF20217306A90027B54B /* helloWorldUITests */ = {
			isa = PBXNativeTarget;
			buildConfigurationList = 56DFFF30217306A90027B54B /* Build configuration list for PBXNativeTarget "helloWorldUITests" */;
			buildPhases = (
				56DFFF1D217306A90027B54B /* Sources */,
				56DFFF1E217306A90027B54B /* Frameworks */,
				56DFFF1F217306A90027B54B /* Resources */,
			);
			buildRules = (
			);
			dependencies = (
				56DFFF23217306A90027B54B /* PBXTargetDependency */,
			);
			name = helloWorldUITests;
			productName = helloWorldUITests;
			productReference = 56DFFF21217306A90027B54B /* helloWorldUITests.xctest */;
			productType = "com.apple.product-type.bundle.ui-testing";
		};
/* End PBXNativeTarget section */

/* Begin PBXProject section */
		56DFFEFA217306A80027B54B /* Project object */ = {
			isa = PBXProject;
			attributes = {
				LastSwiftUpdateCheck = 0910;
				LastUpgradeCheck = 0910;
				ORGANIZATIONNAME = "Yatheesan Chandreswaran";
				TargetAttributes = {
					56DFFF01217306A80027B54B = {
						CreatedOnToolsVersion = 9.1;
						ProvisioningStyle = Automatic;
					};
					56DFFF15217306A90027B54B = {
						CreatedOnToolsVersion = 9.1;
						ProvisioningStyle = Automatic;
						TestTargetID = 56DFFF01217306A80027B54B;
					};
					56DFFF20217306A90027B54B = {
						CreatedOnToolsVersion = 9.1;
						ProvisioningStyle = Automatic;
						TestTargetID = 56DFFF01217306A80027B54B;
					};
				};
			};
			buildConfigurationList = 56DFFEFD217306A80027B54B /* Build configuration list for PBXProject "helloWorld" */;
			compatibilityVersion = "Xcode 8.0";
			developmentRegion = en;
			hasScannedForEncodings = 0;
			knownRegions = (
				en,
				Base,
			);
			mainGroup = 56DFFEF9217306A80027B54B;
			productRefGroup = 56DFFF03217306A90027B54B /* Products */;
			projectDirPath = "";
			projectRoot = "";
			targets = (
				56DFFF01217306A80027B54B /* helloWorld */,
				56DFFF15217306A90027B54B /* helloWorldTests */,
				56DFFF20217306A90027B54B /* helloWorldUITests */,
			);
		};
/* End PBXProject section */

/* Begin PBXResourcesBuildPhase section */
		56DFFF00217306A80027B54B /* Resources */ = {
			isa = PBXResourcesBuildPhase;
			buildActionMask = 2147483647;
			files = (
				56DFFF10217306A90027B54B /* LaunchScreen.storyboard in Resources */,
				56DFFF0D217306A90027B54B /* Assets.xcassets in Resources */,
				56DFFF0B217306A90027B54B /* Main.storyboard in Resources */,
			);
			runOnlyForDeploymentPostprocessing = 0;
		};
		56DFFF14217306A90027B54B /* Resources */ = {
			isa = PBXResourcesBuildPhase;
			buildActionMask = 2147483647;
			files = (
			);
			runOnlyForDeploymentPostprocessing = 0;
		};
		56DFFF1F217306A90027B54B /* Resources */ = {
			isa = PBXResourcesBuildPhase;
			buildActionMask = 2147483647;
			files = (
			);
			runOnlyForDeploymentPostprocessing = 0;
		};
/* End PBXResourcesBuildPhase section */

/* Begin PBXSourcesBuildPhase section */
		56DFFEFE217306A80027B54B /* Sources */ = {
			isa = PBXSourcesBuildPhase;
			buildActionMask = 2147483647;
			files = (
				56DFFF08217306A90027B54B /* ViewController.swift in Sources */,
				56DFFF06217306A90027B54B /* AppDelegate.swift in Sources */,
			);
			runOnlyForDeploymentPostprocessing = 0;
		};
		56DFFF12217306A90027B54B /* Sources */ = {
			isa = PBXSourcesBuildPhase;
			buildActionMask = 2147483647;
			files = (
				56DFFF1B217306A90027B54B /* helloWorldTests.swift in Sources */,
			);
			runOnlyForDeploymentPostprocessing = 0;
		};
		56DFFF1D217306A90027B54B /* Sources */ = {
			isa = PBXSourcesBuildPhase;
			buildActionMask = 2147483647;
			files = (
				56DFFF26217306A90027B54B /* helloWorldUITests.swift in Sources */,
			);
			runOnlyForDeploymentPostprocessing = 0;
		};
/* End PBXSourcesBuildPhase section */

/* Begin PBXTargetDependency section */
		56DFFF18217306A90027B54B /* PBXTargetDependency */ = {
			isa = PBXTargetDependency;
			target = 56DFFF01217306A80027B54B /* helloWorld */;
			targetProxy = 56DFFF17217306A90027B54B /* PBXContainerItemProxy */;
		};
		56DFFF23217306A90027B54B /* PBXTargetDependency */ = {
			isa = PBXTargetDependency;
			target = 56DFFF01217306A80027B54B /* helloWorld */;
			targetProxy = 56DFFF22217306A90027B54B /* PBXContainerItemProxy */;
		};
/* End PBXTargetDependency section */

/* Begin PBXVariantGroup section */
		56DFFF09217306A90027B54B /* Main.storyboard */ = {
			isa = PBXVariantGroup;
			children = (
				56DFFF0A217306A90027B54B /* Base */,
			);
			name = Main.storyboard;
			sourceTree = "<group>";
		};
		56DFFF0E217306A90027B54B /* LaunchScreen.storyboard */ = {
			isa = PBXVariantGroup;
			children = (
				56DFFF0F217306A90027B54B /* Base */,
			);
			name = LaunchScreen.storyboard;
			sourceTree = "<group>";
		};
/* End PBXVariantGroup section */

/* Begin XCBuildConfiguration section */
		56DFFF28217306A90027B54B /* Debug */ = {
			isa = XCBuildConfiguration;
			buildSettings = {
				ALWAYS_SEARCH_USER_PATHS = NO;
				CLANG_ANALYZER_NONNULL = YES;
				CLANG_ANALYZER_NUMBER_OBJECT_CONVERSION = YES_AGGRESSIVE;
				CLANG_CXX_LANGUAGE_STANDARD = "gnu++14";
				CLANG_CXX_LIBRARY = "libc++";
				CLANG_ENABLE_MODULES = YES;
				CLANG_ENABLE_OBJC_ARC = YES;
				CLANG_WARN_BLOCK_CAPTURE_AUTORELEASING = YES;
				CLANG_WARN_BOOL_CONVERSION = YES;
				CLANG_WARN_COMMA = YES;
				CLANG_WARN_CONSTANT_CONVERSION = YES;
				CLANG_WARN_DIRECT_OBJC_ISA_USAGE = YES_ERROR;
				CLANG_WARN_DOCUMENTATION_COMMENTS = YES;
				CLANG_WARN_EMPTY_BODY = YES;
				CLANG_WARN_ENUM_CONVERSION = YES;
				CLANG_WARN_INFINITE_RECURSION = YES;
				CLANG_WARN_INT_CONVERSION = YES;
				CLANG_WARN_NON_LITERAL_NULL_CONVERSION = YES;
				CLANG_WARN_OBJC_LITERAL_CONVERSION = YES;
				CLANG_WARN_OBJC_ROOT_CLASS = YES_ERROR;
				CLANG_WARN_RANGE_LOOP_ANALYSIS = YES;
				CLANG_WARN_STRICT_PROTOTYPES = YES;
				CLANG_WARN_SUSPICIOUS_MOVE = YES;
				CLANG_WARN_UNGUARDED_AVAILABILITY = YES_AGGRESSIVE;
				CLANG_WARN_UNREACHABLE_CODE = YES;
				CLANG_WARN__DUPLICATE_METHOD_MATCH = YES;
				CODE_SIGN_IDENTITY = "iPhone Developer";
				COPY_PHASE_STRIP = NO;
				DEBUG_INFORMATION_FORMAT = dwarf;
				ENABLE_STRICT_OBJC_MSGSEND = YES;
				ENABLE_TESTABILITY = YES;
				GCC_C_LANGUAGE_STANDARD = gnu11;
				GCC_DYNAMIC_NO_PIC = NO;
				GCC_NO_COMMON_BLOCKS = YES;
				GCC_OPTIMIZATION_LEVEL = 0;
				GCC_PREPROCESSOR_DEFINITIONS = (
					"DEBUG=1",
					"$(inherited)",
				);
				GCC_WARN_64_TO_32_BIT_CONVERSION = YES;
				GCC_WARN_ABOUT_RETURN_TYPE = YES_ERROR;
				GCC_WARN_UNDECLARED_SELECTOR = YES;
				GCC_WARN_UNINITIALIZED_AUTOS = YES_AGGRESSIVE;
				GCC_WARN_UNUSED_FUNCTION = YES;
				GCC_WARN_UNUSED_VARIABLE = YES;
				IPHONEOS_DEPLOYMENT_TARGET = 11.1;
				MTL_ENABLE_DEBUG_INFO = YES;
				ONLY_ACTIVE_ARCH = YES;
				SDKROOT = iphoneos;
				SWIFT_ACTIVE_COMPILATION_CONDITIONS = DEBUG;
				SWIFT_OPTIMIZATION_LEVEL = "-Onone";
			};
			name = Debug;
		};
		56DFFF29217306A90027B54B /* Release */ = {
			isa = XCBuildConfiguration;
			buildSettings = {
				ALWAYS_SEARCH_USER_PATHS = NO;
				CLANG_ANALYZER_NONNULL = YES;
				CLANG_ANALYZER_NUMBER_OBJECT_CONVERSION = YES_AGGRESSIVE;
				CLANG_CXX_LANGUAGE_STANDARD = "gnu++14";
				CLANG_CXX_LIBRARY = "libc++";
				CLANG_ENABLE_MODULES = YES;
				CLANG_ENABLE_OBJC_ARC = YES;
				CLANG_WARN_BLOCK_CAPTURE_AUTORELEASING = YES;
				CLANG_WARN_BOOL_CONVERSION = YES;
				CLANG_WARN_COMMA = YES;
				CLANG_WARN_CONSTANT_CONVERSION = YES;
				CLANG_WARN_DIRECT_OBJC_ISA_USAGE = YES_ERROR;
				CLANG_WARN_DOCUMENTATION_COMMENTS = YES;
				CLANG_WARN_EMPTY_BODY = YES;
				CLANG_WARN_ENUM_CONVERSION = YES;
				CLANG_WARN_INFINITE_RECURSION = YES;
				CLANG_WARN_INT_CONVERSION = YES;
				CLANG_WARN_NON_LITERAL_NULL_CONVERSION = YES;
				CLANG_WARN_OBJC_LITERAL_CONVERSION = YES;
				CLANG_WARN_OBJC_ROOT_CLASS = YES_ERROR;
				CLANG_WARN_RANGE_LOOP_ANALYSIS = YES;
				CLANG_WARN_STRICT_PROTOTYPES = YES;
				CLANG_WARN_SUSPICIOUS_MOVE = YES;
				CLANG_WARN_UNGUARDED_AVAILABILITY = YES_AGGRESSIVE;
				CLANG_WARN_UNREACHABLE_CODE = YES;
				CLANG_WARN__DUPLICATE_METHOD_MATCH = YES;
				CODE_SIGN_IDENTITY = "iPhone Developer";
				COPY_PHASE_STRIP = NO;
				DEBUG_INFORMATION_FORMAT = "dwarf-with-dsym";
				ENABLE_NS_ASSERTIONS = NO;
				ENABLE_STRICT_OBJC_MSGSEND = YES;
				GCC_C_LANGUAGE_STANDARD = gnu11;
				GCC_NO_COMMON_BLOCKS = YES;
				GCC_WARN_64_TO_32_BIT_CONVERSION = YES;
				GCC_WARN_ABOUT_RETURN_TYPE = YES_ERROR;
				GCC_WARN_UNDECLARED_SELECTOR = YES;
				GCC_WARN_UNINITIALIZED_AUTOS = YES_AGGRESSIVE;
				GCC_WARN_UNUSED_FUNCTION = YES;
				GCC_WARN_UNUSED_VARIABLE = YES;
				IPHONEOS_DEPLOYMENT_TARGET = 11.1;
				MTL_ENABLE_DEBUG_INFO = NO;
				SDKROOT = iphoneos;
				SWIFT_OPTIMIZATION_LEVEL = "-Owholemodule";
				VALIDATE_PRODUCT = YES;
			};
			name = Release;
		};
		56DFFF2B217306A90027B54B /* Debug */ = {
			isa = XCBuildConfiguration;
			buildSettings = {
				ASSETCATALOG_COMPILER_APPICON_NAME = AppIcon;
				CODE_SIGN_STYLE = Automatic;
				DEVELOPMENT_TEAM = "";
				INFOPLIST_FILE = helloWorld/Info.plist;
				LD_RUNPATH_SEARCH_PATHS = "$(inherited) @executable_path/Frameworks";
				PRODUCT_BUNDLE_IDENTIFIER = helloWorld.helloWorld;
				PRODUCT_NAME = "$(TARGET_NAME)";
				SWIFT_VERSION = 4.0;
				TARGETED_DEVICE_FAMILY = "1,2";
			};
			name = Debug;
		};
		56DFFF2C217306A90027B54B /* Release */ = {
			isa = XCBuildConfiguration;
			buildSettings = {
				ASSETCATALOG_COMPILER_APPICON_NAME = AppIcon;
				CODE_SIGN_STYLE = Automatic;
				DEVELOPMENT_TEAM = "";
				INFOPLIST_FILE = helloWorld/Info.plist;
				LD_RUNPATH_SEARCH_PATHS = "$(inherited) @executable_path/Frameworks";
				PRODUCT_BUNDLE_IDENTIFIER = helloWorld.helloWorld;
				PRODUCT_NAME = "$(TARGET_NAME)";
				SWIFT_VERSION = 4.0;
				TARGETED_DEVICE_FAMILY = "1,2";
			};
			name = Release;
		};
		56DFFF2E217306A90027B54B /* Debug */ = {
			isa = XCBuildConfiguration;
			buildSettings = {
				ALWAYS_EMBED_SWIFT_STANDARD_LIBRARIES = YES;
				BUNDLE_LOADER = "$(TEST_HOST)";
				CODE_SIGN_STYLE = Automatic;
				DEVELOPMENT_TEAM = 24F7DN868B;
				INFOPLIST_FILE = helloWorldTests/Info.plist;
				LD_RUNPATH_SEARCH_PATHS = "$(inherited) @executable_path/Frameworks @loader_path/Frameworks";
				PRODUCT_BUNDLE_IDENTIFIER = helloWorld.helloWorldTests;
				PRODUCT_NAME = "$(TARGET_NAME)";
				SWIFT_VERSION = 4.0;
				TARGETED_DEVICE_FAMILY = "1,2";
				TEST_HOST = "$(BUILT_PRODUCTS_DIR)/helloWorld.app/helloWorld";
			};
			name = Debug;
		};
		56DFFF2F217306A90027B54B /* Release */ = {
			isa = XCBuildConfiguration;
			buildSettings = {
				ALWAYS_EMBED_SWIFT_STANDARD_LIBRARIES = YES;
				BUNDLE_LOADER = "$(TEST_HOST)";
				CODE_SIGN_STYLE = Automatic;
				DEVELOPMENT_TEAM = 24F7DN868B;
				INFOPLIST_FILE = helloWorldTests/Info.plist;
				LD_RUNPATH_SEARCH_PATHS = "$(inherited) @executable_path/Frameworks @loader_path/Frameworks";
				PRODUCT_BUNDLE_IDENTIFIER = helloWorld.helloWorldTests;
				PRODUCT_NAME = "$(TARGET_NAME)";
				SWIFT_VERSION = 4.0;
				TARGETED_DEVICE_FAMILY = "1,2";
				TEST_HOST = "$(BUILT_PRODUCTS_DIR)/helloWorld.app/helloWorld";
			};
			name = Release;
		};
		56DFFF31217306A90027B54B /* Debug */ = {
			isa = XCBuildConfiguration;
			buildSettings = {
				ALWAYS_EMBED_SWIFT_STANDARD_LIBRARIES = YES;
				CODE_SIGN_STYLE = Automatic;
				DEVELOPMENT_TEAM = 24F7DN868B;
				INFOPLIST_FILE = helloWorldUITests/Info.plist;
				LD_RUNPATH_SEARCH_PATHS = "$(inherited) @executable_path/Frameworks @loader_path/Frameworks";
				PRODUCT_BUNDLE_IDENTIFIER = helloWorld.helloWorldUITests;
				PRODUCT_NAME = "$(TARGET_NAME)";
				SWIFT_VERSION = 4.0;
				TARGETED_DEVICE_FAMILY = "1,2";
				TEST_TARGET_NAME = helloWorld;
			};
			name = Debug;
		};
		56DFFF32217306A90027B54B /* Release */ = {
			isa = XCBuildConfiguration;
			buildSettings = {
				ALWAYS_EMBED_SWIFT_STANDARD_LIBRARIES = YES;
				CODE_SIGN_STYLE = Automatic;
				DEVELOPMENT_TEAM = 24F7DN868B;
				INFOPLIST_FILE = helloWorldUITests/Info.plist;
				LD_RUNPATH_SEARCH_PATHS = "$(inherited) @executable_path/Frameworks @loader_path/Frameworks";
				PRODUCT_BUNDLE_IDENTIFIER = helloWorld.helloWorldUITests;
				PRODUCT_NAME = "$(TARGET_NAME)";
				SWIFT_VERSION = 4.0;
				TARGETED_DEVICE_FAMILY = "1,2";
				TEST_TARGET_NAME = helloWorld;
			};
			name = Release;
		};
/* End XCBuildConfiguration section */

/* Begin XCConfigurationList section */
		56DFFEFD217306A80027B54B /* Build configuration list for PBXProject "helloWorld" */ = {
			isa = XCConfigurationList;
			buildConfigurations = (
				56DFFF28217306A90027B54B /* Debug */,
				56DFFF29217306A90027B54B /* Release */,
			);
			defaultConfigurationIsVisible = 0;
			defaultConfigurationName = Release;
		};
		56DFFF2A217306A90027B54B /* Build configuration list for PBXNativeTarget "helloWorld" */ = {
			isa = XCConfigurationList;
			buildConfigurations = (
				56DFFF2B217306A90027B54B /* Debug */,
				56DFFF2C217306A90027B54B /* Release */,
			);
			defaultConfigurationIsVisible = 0;
			defaultConfigurationName = Release;
		};
		56DFFF2D217306A90027B54B /* Build configuration list for PBXNativeTarget "helloWorldTests" */ = {
			isa = XCConfigurationList;
			buildConfigurations = (
				56DFFF2E217306A90027B54B /* Debug */,
				56DFFF2F217306A90027B54B /* Release */,
			);
			defaultConfigurationIsVisible = 0;
			defaultConfigurationName = Release;
		};
		56DFFF30217306A90027B54B /* Build configuration list for PBXNativeTarget "helloWorldUITests" */ = {
			isa = XCConfigurationList;
			buildConfigurations = (
				56DFFF31217306A90027B54B /* Debug */,
				56DFFF32217306A90027B54B /* Release */,
			);
			defaultConfigurationIsVisible = 0;
			defaultConfigurationName = Release;
		};
/* End XCConfigurationList section */
	};
	rootObject = 56DFFEFA217306A80027B54B /* Project object */;
}
